
Microsoft Visual Studio Solution File, Format Version 12.00
# Visual Studio Version 17
VisualStudioVersion = 17.5.33516.290
MinimumVisualStudioVersion = 10.0.40219.1
Project("{FAE04EC0-301F-11D3-BF4B-00C04F79EFBC}") = "20190305018 OnlyReservation", "20190305018 OnlyReservation\20190305018 OnlyReservation.csproj", "{2E4BF788-0EC2-4727-8877-429ABA4203DF}"
EndProject
Global
	GlobalSection(SolutionConfigurationPlatforms) = preSolution
		Debug|Any CPU = Debug|Any CPU
		Release|Any CPU = Release|Any CPU
	EndGlobalSection
	GlobalSection(ProjectConfigurationPlatforms) = postSolution
		{2E4BF788-0EC2-4727-8877-429ABA4203DF}.Debug|Any CPU.ActiveCfg = Debug|Any CPU
		{2E4BF788-0EC2-4727-8877-429ABA4203DF}.Debug|Any CPU.Build.0 = Debug|Any CPU
		{2E4BF788-0EC2-4727-8877-429ABA4203DF}.Release|Any CPU.ActiveCfg = Release|Any CPU
		{2E4BF788-0EC2-4727-8877-429ABA4203DF}.Release|Any CPU.Build.0 = Release|Any CPU
	EndGlobalSection
	GlobalSection(SolutionProperties) = preSolution
		HideSolutionNode = FALSE
	EndGlobalSection
	GlobalSection(ExtensibilityGlobals) = postSolution
		SolutionGuid = {4A608282-7838-45DB-B9FE-6C14DEF8D3D4}
	EndGlobalSection
EndGlobal
